
Microsoft Visual Studio Solution File, Format Version 12.00
# Visual Studio Version 16
VisualStudioVersion = 16.0.34601.136
MinimumVisualStudioVersion = 10.0.40219.1
Project("{FAE04EC0-301F-11D3-BF4B-00C04F79EFBC}") = "NextHolidaysIn", "NextHolidaysIn.csproj", "{5747CC53-A337-4FE8-B84D-7CCF2A925A6D}"
EndProject
Global
	GlobalSection(SolutionConfigurationPlatforms) = preSolution
		Debug|Any CPU = Debug|Any CPU
		Release|Any CPU = Release|Any CPU
	EndGlobalSection
	GlobalSection(ProjectConfigurationPlatforms) = postSolution
		{5747CC53-A337-4FE8-B84D-7CCF2A925A6D}.Debug|Any CPU.ActiveCfg = Debug|Any CPU
		{5747CC53-A337-4FE8-B84D-7CCF2A925A6D}.Debug|Any CPU.Build.0 = Debug|Any CPU
		{5747CC53-A337-4FE8-B84D-7CCF2A925A6D}.Release|Any CPU.ActiveCfg = Release|Any CPU
		{5747CC53-A337-4FE8-B84D-7CCF2A925A6D}.Release|Any CPU.Build.0 = Release|Any CPU
	EndGlobalSection
	GlobalSection(SolutionProperties) = preSolution
		HideSolutionNode = FALSE
	EndGlobalSection
	GlobalSection(ExtensibilityGlobals) = postSolution
		SolutionGuid = {F936729C-1FE3-41A9-A7F3-63B68FB83325}
	EndGlobalSection
EndGlobal
